<?xml version="1.0" encoding="utf-8"?>
<Project ToolsVersion="4.0" xmlns="http://schemas.microsoft.com/developer/msbuild/2003">
  <ItemGroup>
    <Filter Include="core">
      <UniqueIdentifier>{4FC737F1-C7A5-4376-A066-2A32D752A2FF}</UniqueIdentifier>
      <Extensions>cpp;c;cc;cxx;c++;cppm;ixx;def;odl;idl;hpj;bat;asm;asmx</Extensions>
    </Filter>
    <Filter Include="utils">
      <UniqueIdentifier>{6bb3084f-f082-4c94-9fce-54dc0a4edc28}</UniqueIdentifier>
    </Filter>
  </ItemGroup>
  <ItemGroup>
    <ClCompile Include="injector.cpp">
      <Filter>core</Filter>
    </ClCompile>
    <ClCompile Include="manualmap.cpp">
      <Filter>core</Filter>
    </ClCompile>
  </ItemGroup>
  <ItemGroup>
    <ClInclude Include="manualmap.h">
      <Filter>utils</Filter>
    </ClInclude>
    <ClInclude Include="spoofer.h">
      <Filter>core</Filter>
    </ClInclude>
    <ClInclude Include="utils.h">
      <Filter>utils</Filter>
    </ClInclude>
  </ItemGroup>
</Project>